
Microsoft Visual Studio Solution File, Format Version 10.00
# Visual Studio 2008
Project("{8BC9CEB8-8B4A-11D0-8D11-00A0C91BC942}") = "CVFS_DLL", "CVFS_DLL\CVFS_DLL.vcproj", "{C75A95EF-A67C-469C-9BE0-EAEE0EA9FEB0}"
EndProject
Project("{8BC9CEB8-8B4A-11D0-8D11-00A0C91BC942}") = "CVFS_LOADER", "CVFS_LOADER\CVFS_LOADER.vcproj", "{E099E9D9-7796-4546-A2C0-055DCE06DD3B}"
EndProject
Global
	GlobalSection(SolutionConfigurationPlatforms) = preSolution
		Debug|Win32 = Debug|Win32
		Release|Win32 = Release|Win32
	EndGlobalSection
	GlobalSection(ProjectConfigurationPlatforms) = postSolution
		{C75A95EF-A67C-469C-9BE0-EAEE0EA9FEB0}.Debug|Win32.ActiveCfg = Debug|Win32
		{C75A95EF-A67C-469C-9BE0-EAEE0EA9FEB0}.Debug|Win32.Build.0 = Debug|Win32
		{C75A95EF-A67C-469C-9BE0-EAEE0EA9FEB0}.Release|Win32.ActiveCfg = Release|Win32
		{C75A95EF-A67C-469C-9BE0-EAEE0EA9FEB0}.Release|Win32.Build.0 = Release|Win32
		{E099E9D9-7796-4546-A2C0-055DCE06DD3B}.Debug|Win32.ActiveCfg = Debug|Win32
		{E099E9D9-7796-4546-A2C0-055DCE06DD3B}.Debug|Win32.Build.0 = Debug|Win32
		{E099E9D9-7796-4546-A2C0-055DCE06DD3B}.Release|Win32.ActiveCfg = Release|Win32
		{E099E9D9-7796-4546-A2C0-055DCE06DD3B}.Release|Win32.Build.0 = Release|Win32
	EndGlobalSection
	GlobalSection(SolutionProperties) = preSolution
		HideSolutionNode = FALSE
	EndGlobalSection
EndGlobal
